{
  "name": "junmannn",
  "lockfileVersion": 3,
  "requires": true,
  "packages": {
    "": {
      "dependencies": {
        "jquery": "^3.7.1",
        "jquery-ujs": "^1.2.3",
        "local-time": "^3.0.2",
        "trix": "^2.1.5"
      }
    },
    "node_modules/jquery": {
      "version": "3.7.1",
      "resolved": "https://registry.npmjs.org/jquery/-/jquery-3.7.1.tgz",
      "integrity": "sha512-m4avr8yL8kmFN8psrbFFFmB/If14iN5o9nw/NgnnM+kybDJpRsAynV2BsfpTYrTRysYUdADVD7CkUUizgkpLfg==",
      "license": "MIT"
    },
    "node_modules/jquery-ujs": {
      "version": "1.2.3",
      "resolved": "https://registry.npmjs.org/jquery-ujs/-/jquery-ujs-1.2.3.tgz",
      "integrity": "sha512-59wvfx5vcCTHMeQT1/OwFiAj+UffLIwjRIoXdpO7Z7BCFGepzq9T9oLVeoItjTqjoXfUrHJvV7QU6pUR+UzOoA==",
      "license": "MIT",
      "peerDependencies": {
        "jquery": ">=1.8.0"
      }
    },
    "node_modules/local-time": {
      "version": "3.0.2",
      "resolved": "https://registry.npmjs.org/local-time/-/local-time-3.0.2.tgz",
      "integrity": "sha512-22xNlCU10UxS+ecOtT2sLq17sVo0MQf8D2TvGEagS8Mi2gOtCIrY9cMfWH2dlkPLvEUmoWBfi8kzJNRoCSPvlg==",
      "license": "MIT"
    },
    "node_modules/trix": {
      "version": "2.1.5",
      "resolved": "https://registry.npmjs.org/trix/-/trix-2.1.5.tgz",
      "integrity": "sha512-5pC4olCp7BwxTC8Joy1Kv33kDvSOApi9Tqf6c8wygqCgeCx9xPP5cxkZEhvKpMV+kjd9gszingd5fZo834+ktw==",
      "license": "MIT"
    }
  }
}
